
Microsoft Visual Studio Solution File, Format Version 12.00
# Visual Studio Version 17
VisualStudioVersion = 17.12.35707.178 d17.12
MinimumVisualStudioVersion = 10.0.40219.1
Project("{FAE04EC0-301F-11D3-BF4B-00C04F79EFBC}") = "AddressBookApp", "AddressBookApp.csproj", "{6226D136-F339-4C3E-A383-87A5E3B6FFBA}"
EndProject
Project("{FAE04EC0-301F-11D3-BF4B-00C04F79EFBC}") = "BusinessLayer", "..\BusinessLayer\BusinessLayer.csproj", "{ED4563ED-0436-45FF-B793-B9EF6593A445}"
EndProject
Project("{FAE04EC0-301F-11D3-BF4B-00C04F79EFBC}") = "RepositoryLayer", "..\RepositoryLayer\RepositoryLayer.csproj", "{421B3A23-5B0A-41A9-92C4-7DFD6ABDDC1B}"
EndProject
Project("{FAE04EC0-301F-11D3-BF4B-00C04F79EFBC}") = "ModelLayer", "..\ModelLayer\ModelLayer.csproj", "{DA7D7179-DF35-420E-9A29-FD4F84734952}"
EndProject
Global
	GlobalSection(SolutionConfigurationPlatforms) = preSolution
		Debug|Any CPU = Debug|Any CPU
		Release|Any CPU = Release|Any CPU
	EndGlobalSection
	GlobalSection(ProjectConfigurationPlatforms) = postSolution
		{6226D136-F339-4C3E-A383-87A5E3B6FFBA}.Debug|Any CPU.ActiveCfg = Debug|Any CPU
		{6226D136-F339-4C3E-A383-87A5E3B6FFBA}.Debug|Any CPU.Build.0 = Debug|Any CPU
		{6226D136-F339-4C3E-A383-87A5E3B6FFBA}.Release|Any CPU.ActiveCfg = Release|Any CPU
		{6226D136-F339-4C3E-A383-87A5E3B6FFBA}.Release|Any CPU.Build.0 = Release|Any CPU
		{ED4563ED-0436-45FF-B793-B9EF6593A445}.Debug|Any CPU.ActiveCfg = Debug|Any CPU
		{ED4563ED-0436-45FF-B793-B9EF6593A445}.Debug|Any CPU.Build.0 = Debug|Any CPU
		{ED4563ED-0436-45FF-B793-B9EF6593A445}.Release|Any CPU.ActiveCfg = Release|Any CPU
		{ED4563ED-0436-45FF-B793-B9EF6593A445}.Release|Any CPU.Build.0 = Release|Any CPU
		{421B3A23-5B0A-41A9-92C4-7DFD6ABDDC1B}.Debug|Any CPU.ActiveCfg = Debug|Any CPU
		{421B3A23-5B0A-41A9-92C4-7DFD6ABDDC1B}.Debug|Any CPU.Build.0 = Debug|Any CPU
		{421B3A23-5B0A-41A9-92C4-7DFD6ABDDC1B}.Release|Any CPU.ActiveCfg = Release|Any CPU
		{421B3A23-5B0A-41A9-92C4-7DFD6ABDDC1B}.Release|Any CPU.Build.0 = Release|Any CPU
		{DA7D7179-DF35-420E-9A29-FD4F84734952}.Debug|Any CPU.ActiveCfg = Debug|Any CPU
		{DA7D7179-DF35-420E-9A29-FD4F84734952}.Debug|Any CPU.Build.0 = Debug|Any CPU
		{DA7D7179-DF35-420E-9A29-FD4F84734952}.Release|Any CPU.ActiveCfg = Release|Any CPU
		{DA7D7179-DF35-420E-9A29-FD4F84734952}.Release|Any CPU.Build.0 = Release|Any CPU
	EndGlobalSection
	GlobalSection(SolutionProperties) = preSolution
		HideSolutionNode = FALSE
	EndGlobalSection
EndGlobal
